
Microsoft Visual Studio Solution File, Format Version 12.00
# Visual Studio Version 16
VisualStudioVersion = 16.0.28803.452
MinimumVisualStudioVersion = 10.0.40219.1
Project("{FAE04EC0-301F-11D3-BF4B-00C04F79EFBC}") = "Demo1", "Demo1\Demo1.csproj", "{13049E9F-1BB0-4B12-91A4-08A5AC782C64}"
EndProject
Global
	GlobalSection(SolutionConfigurationPlatforms) = preSolution
		Debug|Any CPU = Debug|Any CPU
		Release|Any CPU = Release|Any CPU
	EndGlobalSection
	GlobalSection(ProjectConfigurationPlatforms) = postSolution
		{13049E9F-1BB0-4B12-91A4-08A5AC782C64}.Debug|Any CPU.ActiveCfg = Debug|Any CPU
		{13049E9F-1BB0-4B12-91A4-08A5AC782C64}.Debug|Any CPU.Build.0 = Debug|Any CPU
		{13049E9F-1BB0-4B12-91A4-08A5AC782C64}.Release|Any CPU.ActiveCfg = Release|Any CPU
		{13049E9F-1BB0-4B12-91A4-08A5AC782C64}.Release|Any CPU.Build.0 = Release|Any CPU
	EndGlobalSection
	GlobalSection(SolutionProperties) = preSolution
		HideSolutionNode = FALSE
	EndGlobalSection
	GlobalSection(ExtensibilityGlobals) = postSolution
		SolutionGuid = {CC7BE2A1-3E88-45F2-A192-330C4CE0CAB8}
	EndGlobalSection
EndGlobal
