
Microsoft Visual Studio Solution File, Format Version 12.00
# Visual Studio Version 16
VisualStudioVersion = 16.0.29505.145
MinimumVisualStudioVersion = 10.0.40219.1
Project("{FAE04EC0-301F-11D3-BF4B-00C04F79EFBC}") = "ChartIntegration", "ChartIntegration\ChartIntegration.csproj", "{C18AB593-7430-464B-BC1C-83CC2A4165FE}"
EndProject
Global
	GlobalSection(SolutionConfigurationPlatforms) = preSolution
		Debug|Any CPU = Debug|Any CPU
		Release|Any CPU = Release|Any CPU
	EndGlobalSection
	GlobalSection(ProjectConfigurationPlatforms) = postSolution
		{C18AB593-7430-464B-BC1C-83CC2A4165FE}.Debug|Any CPU.ActiveCfg = Debug|Any CPU
		{C18AB593-7430-464B-BC1C-83CC2A4165FE}.Debug|Any CPU.Build.0 = Debug|Any CPU
		{C18AB593-7430-464B-BC1C-83CC2A4165FE}.Release|Any CPU.ActiveCfg = Release|Any CPU
		{C18AB593-7430-464B-BC1C-83CC2A4165FE}.Release|Any CPU.Build.0 = Release|Any CPU
	EndGlobalSection
	GlobalSection(SolutionProperties) = preSolution
		HideSolutionNode = FALSE
	EndGlobalSection
	GlobalSection(ExtensibilityGlobals) = postSolution
		SolutionGuid = {F7A7B5DE-571A-4EA9-AC7A-3F96EB866729}
	EndGlobalSection
EndGlobal
