
Microsoft Visual Studio Solution File, Format Version 12.00
# Visual Studio Version 16
VisualStudioVersion = 16.0.28705.295
MinimumVisualStudioVersion = 10.0.40219.1
Project("{FAE04EC0-301F-11D3-BF4B-00C04F79EFBC}") = "Demo2", "Demo2\Demo2.csproj", "{F9B3A25D-8E32-47B2-8D4E-D0AB638050DA}"
EndProject
Global
	GlobalSection(SolutionConfigurationPlatforms) = preSolution
		Debug|Any CPU = Debug|Any CPU
		Release|Any CPU = Release|Any CPU
	EndGlobalSection
	GlobalSection(ProjectConfigurationPlatforms) = postSolution
		{F9B3A25D-8E32-47B2-8D4E-D0AB638050DA}.Debug|Any CPU.ActiveCfg = Debug|Any CPU
		{F9B3A25D-8E32-47B2-8D4E-D0AB638050DA}.Debug|Any CPU.Build.0 = Debug|Any CPU
		{F9B3A25D-8E32-47B2-8D4E-D0AB638050DA}.Release|Any CPU.ActiveCfg = Release|Any CPU
		{F9B3A25D-8E32-47B2-8D4E-D0AB638050DA}.Release|Any CPU.Build.0 = Release|Any CPU
	EndGlobalSection
	GlobalSection(SolutionProperties) = preSolution
		HideSolutionNode = FALSE
	EndGlobalSection
	GlobalSection(ExtensibilityGlobals) = postSolution
		SolutionGuid = {90390E7F-553B-4584-92CA-29E975F63D37}
	EndGlobalSection
EndGlobal
