
Microsoft Visual Studio Solution File, Format Version 12.00
# Visual Studio Version 16
VisualStudioVersion = 16.0.29123.89
MinimumVisualStudioVersion = 10.0.40219.1
Project("{FAE04EC0-301F-11D3-BF4B-00C04F79EFBC}") = "Demo", "Demo\Demo.csproj", "{5E358C77-6D87-44D8-9EA8-04C4EB0992A4}"
EndProject
Global
	GlobalSection(SolutionConfigurationPlatforms) = preSolution
		Debug|Any CPU = Debug|Any CPU
		Release|Any CPU = Release|Any CPU
	EndGlobalSection
	GlobalSection(ProjectConfigurationPlatforms) = postSolution
		{5E358C77-6D87-44D8-9EA8-04C4EB0992A4}.Debug|Any CPU.ActiveCfg = Debug|Any CPU
		{5E358C77-6D87-44D8-9EA8-04C4EB0992A4}.Debug|Any CPU.Build.0 = Debug|Any CPU
		{5E358C77-6D87-44D8-9EA8-04C4EB0992A4}.Release|Any CPU.ActiveCfg = Release|Any CPU
		{5E358C77-6D87-44D8-9EA8-04C4EB0992A4}.Release|Any CPU.Build.0 = Release|Any CPU
	EndGlobalSection
	GlobalSection(SolutionProperties) = preSolution
		HideSolutionNode = FALSE
	EndGlobalSection
	GlobalSection(ExtensibilityGlobals) = postSolution
		SolutionGuid = {706AD94C-315F-4E3C-BE9C-EAD9F342C6E7}
	EndGlobalSection
EndGlobal
