
Microsoft Visual Studio Solution File, Format Version 12.00
# Visual Studio Version 16
VisualStudioVersion = 16.0.29123.89
MinimumVisualStudioVersion = 10.0.40219.1
Project("{FAE04EC0-301F-11D3-BF4B-00C04F79EFBC}") = "ChartIntegration", "ChartIntegration\ChartIntegration.csproj", "{327D231F-9524-45FE-8E28-FE20E6E9DF20}"
EndProject
Global
	GlobalSection(SolutionConfigurationPlatforms) = preSolution
		Debug|Any CPU = Debug|Any CPU
		Release|Any CPU = Release|Any CPU
	EndGlobalSection
	GlobalSection(ProjectConfigurationPlatforms) = postSolution
		{327D231F-9524-45FE-8E28-FE20E6E9DF20}.Debug|Any CPU.ActiveCfg = Debug|Any CPU
		{327D231F-9524-45FE-8E28-FE20E6E9DF20}.Debug|Any CPU.Build.0 = Debug|Any CPU
		{327D231F-9524-45FE-8E28-FE20E6E9DF20}.Release|Any CPU.ActiveCfg = Release|Any CPU
		{327D231F-9524-45FE-8E28-FE20E6E9DF20}.Release|Any CPU.Build.0 = Release|Any CPU
	EndGlobalSection
	GlobalSection(SolutionProperties) = preSolution
		HideSolutionNode = FALSE
	EndGlobalSection
	GlobalSection(ExtensibilityGlobals) = postSolution
		SolutionGuid = {4DAACE27-6B6C-4080-8F7B-58FD6765F2CB}
	EndGlobalSection
EndGlobal
