
Microsoft Visual Studio Solution File, Format Version 12.00
# Visual Studio Version 16
VisualStudioVersion = 16.0.29123.89
MinimumVisualStudioVersion = 10.0.40219.1
Project("{FAE04EC0-301F-11D3-BF4B-00C04F79EFBC}") = "ChartIntegration", "ChartIntegration\ChartIntegration.csproj", "{F5089B62-A1D0-4A55-BB15-627DB6E2454A}"
EndProject
Global
	GlobalSection(SolutionConfigurationPlatforms) = preSolution
		Debug|Any CPU = Debug|Any CPU
		Release|Any CPU = Release|Any CPU
	EndGlobalSection
	GlobalSection(ProjectConfigurationPlatforms) = postSolution
		{F5089B62-A1D0-4A55-BB15-627DB6E2454A}.Debug|Any CPU.ActiveCfg = Debug|Any CPU
		{F5089B62-A1D0-4A55-BB15-627DB6E2454A}.Debug|Any CPU.Build.0 = Debug|Any CPU
		{F5089B62-A1D0-4A55-BB15-627DB6E2454A}.Release|Any CPU.ActiveCfg = Release|Any CPU
		{F5089B62-A1D0-4A55-BB15-627DB6E2454A}.Release|Any CPU.Build.0 = Release|Any CPU
	EndGlobalSection
	GlobalSection(SolutionProperties) = preSolution
		HideSolutionNode = FALSE
	EndGlobalSection
	GlobalSection(ExtensibilityGlobals) = postSolution
		SolutionGuid = {8CF5EC53-88C4-4EA2-84C7-A54CD99A3DE3}
	EndGlobalSection
EndGlobal
