
Microsoft Visual Studio Solution File, Format Version 12.00
# Visual Studio Version 16
VisualStudioVersion = 16.0.29123.89
MinimumVisualStudioVersion = 10.0.40219.1
Project("{FAE04EC0-301F-11D3-BF4B-00C04F79EFBC}") = "ParentCoordinated", "ParentCoordinated\ParentCoordinated.csproj", "{2836EB5A-5A87-4D2F-86C8-1711DD768FBA}"
EndProject
Global
	GlobalSection(SolutionConfigurationPlatforms) = preSolution
		Debug|Any CPU = Debug|Any CPU
		Release|Any CPU = Release|Any CPU
	EndGlobalSection
	GlobalSection(ProjectConfigurationPlatforms) = postSolution
		{2836EB5A-5A87-4D2F-86C8-1711DD768FBA}.Debug|Any CPU.ActiveCfg = Debug|Any CPU
		{2836EB5A-5A87-4D2F-86C8-1711DD768FBA}.Debug|Any CPU.Build.0 = Debug|Any CPU
		{2836EB5A-5A87-4D2F-86C8-1711DD768FBA}.Release|Any CPU.ActiveCfg = Release|Any CPU
		{2836EB5A-5A87-4D2F-86C8-1711DD768FBA}.Release|Any CPU.Build.0 = Release|Any CPU
	EndGlobalSection
	GlobalSection(SolutionProperties) = preSolution
		HideSolutionNode = FALSE
	EndGlobalSection
	GlobalSection(ExtensibilityGlobals) = postSolution
		SolutionGuid = {E63EE30A-B182-43E4-B328-F34585431ACF}
	EndGlobalSection
EndGlobal
