
Microsoft Visual Studio Solution File, Format Version 12.00
# Visual Studio Version 16
VisualStudioVersion = 16.0.29209.152
MinimumVisualStudioVersion = 10.0.40219.1
Project("{FAE04EC0-301F-11D3-BF4B-00C04F79EFBC}") = "Basics", "Basics\Basics.csproj", "{B257BC04-E8B2-4C77-9F35-E6A8C72B486A}"
EndProject
Global
	GlobalSection(SolutionConfigurationPlatforms) = preSolution
		Debug|Any CPU = Debug|Any CPU
		Release|Any CPU = Release|Any CPU
	EndGlobalSection
	GlobalSection(ProjectConfigurationPlatforms) = postSolution
		{B257BC04-E8B2-4C77-9F35-E6A8C72B486A}.Debug|Any CPU.ActiveCfg = Debug|Any CPU
		{B257BC04-E8B2-4C77-9F35-E6A8C72B486A}.Debug|Any CPU.Build.0 = Debug|Any CPU
		{B257BC04-E8B2-4C77-9F35-E6A8C72B486A}.Release|Any CPU.ActiveCfg = Release|Any CPU
		{B257BC04-E8B2-4C77-9F35-E6A8C72B486A}.Release|Any CPU.Build.0 = Release|Any CPU
	EndGlobalSection
	GlobalSection(SolutionProperties) = preSolution
		HideSolutionNode = FALSE
	EndGlobalSection
	GlobalSection(ExtensibilityGlobals) = postSolution
		SolutionGuid = {E217F5E8-DE63-448F-A252-37BFC0C366EB}
	EndGlobalSection
EndGlobal
