
Microsoft Visual Studio Solution File, Format Version 12.00
# Visual Studio Version 16
VisualStudioVersion = 16.0.28803.452
MinimumVisualStudioVersion = 10.0.40219.1
Project("{FAE04EC0-301F-11D3-BF4B-00C04F79EFBC}") = "Basics", "Basics\Basics.csproj", "{FF972F8D-C2F3-4C66-BF86-CF7C07A6E908}"
EndProject
Global
	GlobalSection(SolutionConfigurationPlatforms) = preSolution
		Debug|Any CPU = Debug|Any CPU
		Release|Any CPU = Release|Any CPU
	EndGlobalSection
	GlobalSection(ProjectConfigurationPlatforms) = postSolution
		{FF972F8D-C2F3-4C66-BF86-CF7C07A6E908}.Debug|Any CPU.ActiveCfg = Debug|Any CPU
		{FF972F8D-C2F3-4C66-BF86-CF7C07A6E908}.Debug|Any CPU.Build.0 = Debug|Any CPU
		{FF972F8D-C2F3-4C66-BF86-CF7C07A6E908}.Release|Any CPU.ActiveCfg = Release|Any CPU
		{FF972F8D-C2F3-4C66-BF86-CF7C07A6E908}.Release|Any CPU.Build.0 = Release|Any CPU
	EndGlobalSection
	GlobalSection(SolutionProperties) = preSolution
		HideSolutionNode = FALSE
	EndGlobalSection
	GlobalSection(ExtensibilityGlobals) = postSolution
		SolutionGuid = {E3FA4E3E-C434-45E9-87E8-0964C850E967}
	EndGlobalSection
EndGlobal
