
Microsoft Visual Studio Solution File, Format Version 12.00
# Visual Studio Version 16
VisualStudioVersion = 16.0.29123.89
MinimumVisualStudioVersion = 10.0.40219.1
Project("{FAE04EC0-301F-11D3-BF4B-00C04F79EFBC}") = "Demo", "Demo\Demo.csproj", "{10E1ED9D-3594-4303-AE75-61C0F534EA7D}"
EndProject
Global
	GlobalSection(SolutionConfigurationPlatforms) = preSolution
		Debug|Any CPU = Debug|Any CPU
		Release|Any CPU = Release|Any CPU
	EndGlobalSection
	GlobalSection(ProjectConfigurationPlatforms) = postSolution
		{10E1ED9D-3594-4303-AE75-61C0F534EA7D}.Debug|Any CPU.ActiveCfg = Debug|Any CPU
		{10E1ED9D-3594-4303-AE75-61C0F534EA7D}.Debug|Any CPU.Build.0 = Debug|Any CPU
		{10E1ED9D-3594-4303-AE75-61C0F534EA7D}.Release|Any CPU.ActiveCfg = Release|Any CPU
		{10E1ED9D-3594-4303-AE75-61C0F534EA7D}.Release|Any CPU.Build.0 = Release|Any CPU
	EndGlobalSection
	GlobalSection(SolutionProperties) = preSolution
		HideSolutionNode = FALSE
	EndGlobalSection
	GlobalSection(ExtensibilityGlobals) = postSolution
		SolutionGuid = {BA391BD8-45CA-4A10-8597-BC6F7C8E1A25}
	EndGlobalSection
EndGlobal
