
Microsoft Visual Studio Solution File, Format Version 12.00
# Visual Studio Version 16
VisualStudioVersion = 16.0.29230.61
MinimumVisualStudioVersion = 10.0.40219.1
Project("{FAE04EC0-301F-11D3-BF4B-00C04F79EFBC}") = "Demo", "Demo\Demo.csproj", "{32B5D034-9EC3-41A5-AE7F-B43ECEA8832D}"
EndProject
Global
	GlobalSection(SolutionConfigurationPlatforms) = preSolution
		Debug|Any CPU = Debug|Any CPU
		Release|Any CPU = Release|Any CPU
	EndGlobalSection
	GlobalSection(ProjectConfigurationPlatforms) = postSolution
		{32B5D034-9EC3-41A5-AE7F-B43ECEA8832D}.Debug|Any CPU.ActiveCfg = Debug|Any CPU
		{32B5D034-9EC3-41A5-AE7F-B43ECEA8832D}.Debug|Any CPU.Build.0 = Debug|Any CPU
		{32B5D034-9EC3-41A5-AE7F-B43ECEA8832D}.Release|Any CPU.ActiveCfg = Release|Any CPU
		{32B5D034-9EC3-41A5-AE7F-B43ECEA8832D}.Release|Any CPU.Build.0 = Release|Any CPU
	EndGlobalSection
	GlobalSection(SolutionProperties) = preSolution
		HideSolutionNode = FALSE
	EndGlobalSection
	GlobalSection(ExtensibilityGlobals) = postSolution
		SolutionGuid = {F1539537-A019-498F-8A3A-D5F01280182D}
	EndGlobalSection
EndGlobal
