
Microsoft Visual Studio Solution File, Format Version 12.00
# Visual Studio Version 16
VisualStudioVersion = 16.0.28803.452
MinimumVisualStudioVersion = 10.0.40219.1
Project("{FAE04EC0-301F-11D3-BF4B-00C04F79EFBC}") = "Basics", "Basics\Basics.csproj", "{833EF17A-1110-45C3-BB95-3DB79977500B}"
EndProject
Global
	GlobalSection(SolutionConfigurationPlatforms) = preSolution
		Debug|Any CPU = Debug|Any CPU
		Release|Any CPU = Release|Any CPU
	EndGlobalSection
	GlobalSection(ProjectConfigurationPlatforms) = postSolution
		{833EF17A-1110-45C3-BB95-3DB79977500B}.Debug|Any CPU.ActiveCfg = Debug|Any CPU
		{833EF17A-1110-45C3-BB95-3DB79977500B}.Debug|Any CPU.Build.0 = Debug|Any CPU
		{833EF17A-1110-45C3-BB95-3DB79977500B}.Release|Any CPU.ActiveCfg = Release|Any CPU
		{833EF17A-1110-45C3-BB95-3DB79977500B}.Release|Any CPU.Build.0 = Release|Any CPU
	EndGlobalSection
	GlobalSection(SolutionProperties) = preSolution
		HideSolutionNode = FALSE
	EndGlobalSection
	GlobalSection(ExtensibilityGlobals) = postSolution
		SolutionGuid = {17078672-DE0C-4749-A279-2684720E7263}
	EndGlobalSection
EndGlobal
