
Microsoft Visual Studio Solution File, Format Version 12.00
# Visual Studio Version 16
VisualStudioVersion = 16.0.29209.152
MinimumVisualStudioVersion = 10.0.40219.1
Project("{FAE04EC0-301F-11D3-BF4B-00C04F79EFBC}") = "Demo", "Demo\Demo.csproj", "{F86FC100-A00E-4A5C-BCF1-229B7CFFB788}"
EndProject
Global
	GlobalSection(SolutionConfigurationPlatforms) = preSolution
		Debug|Any CPU = Debug|Any CPU
		Release|Any CPU = Release|Any CPU
	EndGlobalSection
	GlobalSection(ProjectConfigurationPlatforms) = postSolution
		{F86FC100-A00E-4A5C-BCF1-229B7CFFB788}.Debug|Any CPU.ActiveCfg = Debug|Any CPU
		{F86FC100-A00E-4A5C-BCF1-229B7CFFB788}.Debug|Any CPU.Build.0 = Debug|Any CPU
		{F86FC100-A00E-4A5C-BCF1-229B7CFFB788}.Release|Any CPU.ActiveCfg = Release|Any CPU
		{F86FC100-A00E-4A5C-BCF1-229B7CFFB788}.Release|Any CPU.Build.0 = Release|Any CPU
	EndGlobalSection
	GlobalSection(SolutionProperties) = preSolution
		HideSolutionNode = FALSE
	EndGlobalSection
	GlobalSection(ExtensibilityGlobals) = postSolution
		SolutionGuid = {D0059B67-F9C5-4BF1-B35B-CB5812717DB0}
	EndGlobalSection
EndGlobal
