
Microsoft Visual Studio Solution File, Format Version 12.00
# Visual Studio Version 16
VisualStudioVersion = 16.0.29209.152
MinimumVisualStudioVersion = 10.0.40219.1
Project("{FAE04EC0-301F-11D3-BF4B-00C04F79EFBC}") = "Demo", "Demo\Demo.csproj", "{12E8232A-3157-438E-A21D-B7B5B7A9C979}"
EndProject
Global
	GlobalSection(SolutionConfigurationPlatforms) = preSolution
		Debug|Any CPU = Debug|Any CPU
		Release|Any CPU = Release|Any CPU
	EndGlobalSection
	GlobalSection(ProjectConfigurationPlatforms) = postSolution
		{12E8232A-3157-438E-A21D-B7B5B7A9C979}.Debug|Any CPU.ActiveCfg = Debug|Any CPU
		{12E8232A-3157-438E-A21D-B7B5B7A9C979}.Debug|Any CPU.Build.0 = Debug|Any CPU
		{12E8232A-3157-438E-A21D-B7B5B7A9C979}.Release|Any CPU.ActiveCfg = Release|Any CPU
		{12E8232A-3157-438E-A21D-B7B5B7A9C979}.Release|Any CPU.Build.0 = Release|Any CPU
	EndGlobalSection
	GlobalSection(SolutionProperties) = preSolution
		HideSolutionNode = FALSE
	EndGlobalSection
	GlobalSection(ExtensibilityGlobals) = postSolution
		SolutionGuid = {237314F7-2763-489C-8C60-4160C4DEA4CA}
	EndGlobalSection
EndGlobal
