
Microsoft Visual Studio Solution File, Format Version 12.00
# Visual Studio Version 16
VisualStudioVersion = 16.0.29505.145
MinimumVisualStudioVersion = 10.0.40219.1
Project("{FAE04EC0-301F-11D3-BF4B-00C04F79EFBC}") = "ParentCoordinated", "ParentCoordinated\ParentCoordinated.csproj", "{ED740540-6AB9-42B9-AB78-CBAD6883DDBF}"
EndProject
Global
	GlobalSection(SolutionConfigurationPlatforms) = preSolution
		Debug|Any CPU = Debug|Any CPU
		Release|Any CPU = Release|Any CPU
	EndGlobalSection
	GlobalSection(ProjectConfigurationPlatforms) = postSolution
		{ED740540-6AB9-42B9-AB78-CBAD6883DDBF}.Debug|Any CPU.ActiveCfg = Debug|Any CPU
		{ED740540-6AB9-42B9-AB78-CBAD6883DDBF}.Debug|Any CPU.Build.0 = Debug|Any CPU
		{ED740540-6AB9-42B9-AB78-CBAD6883DDBF}.Release|Any CPU.ActiveCfg = Release|Any CPU
		{ED740540-6AB9-42B9-AB78-CBAD6883DDBF}.Release|Any CPU.Build.0 = Release|Any CPU
	EndGlobalSection
	GlobalSection(SolutionProperties) = preSolution
		HideSolutionNode = FALSE
	EndGlobalSection
	GlobalSection(ExtensibilityGlobals) = postSolution
		SolutionGuid = {1F7F1BC6-EF82-4122-8167-F9F03467955B}
	EndGlobalSection
EndGlobal
